{
  "name": "farmpro-frontend",
  "version": "0.1.0",
  "lockfileVersion": 2,
  "requires": true,
  "dependencies": {
    "react": {
      "version": "18.2.0",
      "resolved": "",
      "integrity": ""
    },
    "react-dom": {
      "version": "18.2.0",
      "resolved": "",
      "integrity": ""
    },
    "react-scripts": {
      "version": "5.0.1",
      "resolved": "",
      "integrity": ""
    }
  }
}